// !$*UTF8*$!
{
	archiveVersion = 1;
	classes = {
	};
	objectVersion = 48;
	objects = {

/* Begin PBXBuildFile section */
		1330E18E1FC0AAE900C5734D /* RGBAPixel.swift in Sources */ = {isa = PBXBuildFile; fileRef = 1330E18D1FC0AAE900C5734D /* RGBAPixel.swift */; };
		1330E1901FC0ABBE00C5734D /* Image.swift in Sources */ = {isa = PBXBuildFile; fileRef = 1330E18F1FC0ABBE00C5734D /* Image.swift */; };
		13423B571FBF7D5B00BAA362 /* AppDelegate.swift in Sources */ = {isa = PBXBuildFile; fileRef = 13423B561FBF7D5B00BAA362 /* AppDelegate.swift */; };
		13423B591FBF7D5B00BAA362 /* ViewController.swift in Sources */ = {isa = PBXBuildFile; fileRef = 13423B581FBF7D5B00BAA362 /* ViewController.swift */; };
		13423B5C1FBF7D5B00BAA362 /* Main.storyboard in Resources */ = {isa = PBXBuildFile; fileRef = 13423B5A1FBF7D5B00BAA362 /* Main.storyboard */; };
		13423B5E1FBF7D5B00BAA362 /* Assets.xcassets in Resources */ = {isa = PBXBuildFile; fileRef = 13423B5D1FBF7D5B00BAA362 /* Assets.xcassets */; };
		13423B611FBF7D5B00BAA362 /* LaunchScreen.storyboard in Resources */ = {isa = PBXBuildFile; fileRef = 13423B5F1FBF7D5B00BAA362 /* LaunchScreen.storyboard */; };
		13423B6A1FBF7EC700BAA362 /* WinterBlue2.jpg in Resources */ = {isa = PBXBuildFile; fileRef = 13423B691FBF7EC700BAA362 /* WinterBlue2.jpg */; };
		1344D4521FC33B3E00D425D9 /* FiltersModel.swift in Sources */ = {isa = PBXBuildFile; fileRef = 1344D4511FC33B3E00D425D9 /* FiltersModel.swift */; };
		1344D4541FC340AC00D425D9 /* SelectedFiltersViewController.swift in Sources */ = {isa = PBXBuildFile; fileRef = 1344D4531FC340AC00D425D9 /* SelectedFiltersViewController.swift */; };
		137ABF791FC1FC1F005E8E6C /* Filter.swift in Sources */ = {isa = PBXBuildFile; fileRef = 137ABF781FC1FC1F005E8E6C /* Filter.swift */; };
		137ABF7B1FC1FCBE005E8E6C /* Filters.swift in Sources */ = {isa = PBXBuildFile; fileRef = 137ABF7A1FC1FCBE005E8E6C /* Filters.swift */; };
		13A8C5191FC4D4A200C30036 /* AddFilterViewController.swift in Sources */ = {isa = PBXBuildFile; fileRef = 13A8C5181FC4D4A200C30036 /* AddFilterViewController.swift */; };
/* End PBXBuildFile section */

/* Begin PBXFileReference section */
		1330E18D1FC0AAE900C5734D /* RGBAPixel.swift */ = {isa = PBXFileReference; lastKnownFileType = sourcecode.swift; path = RGBAPixel.swift; sourceTree = "<group>"; };
		1330E18F1FC0ABBE00C5734D /* Image.swift */ = {isa = PBXFileReference; lastKnownFileType = sourcecode.swift; path = Image.swift; sourceTree = "<group>"; };
		13423B531FBF7D5B00BAA362 /* ImagePlay.app */ = {isa = PBXFileReference; explicitFileType = wrapper.application; includeInIndex = 0; path = ImagePlay.app; sourceTree = BUILT_PRODUCTS_DIR; };
		13423B561FBF7D5B00BAA362 /* AppDelegate.swift */ = {isa = PBXFileReference; lastKnownFileType = sourcecode.swift; path = AppDelegate.swift; sourceTree = "<group>"; };
		13423B581FBF7D5B00BAA362 /* ViewController.swift */ = {isa = PBXFileReference; lastKnownFileType = sourcecode.swift; path = ViewController.swift; sourceTree = "<group>"; };
		13423B5B1FBF7D5B00BAA362 /* Base */ = {isa = PBXFileReference; lastKnownFileType = file.storyboard; name = Base; path = Base.lproj/Main.storyboard; sourceTree = "<group>"; };
		13423B5D1FBF7D5B00BAA362 /* Assets.xcassets */ = {isa = PBXFileReference; lastKnownFileType = folder.assetcatalog; path = Assets.xcassets; sourceTree = "<group>"; };
		13423B601FBF7D5B00BAA362 /* Base */ = {isa = PBXFileReference; lastKnownFileType = file.storyboard; name = Base; path = Base.lproj/LaunchScreen.storyboard; sourceTree = "<group>"; };
		13423B621FBF7D5B00BAA362 /* Info.plist */ = {isa = PBXFileReference; lastKnownFileType = text.plist.xml; path = Info.plist; sourceTree = "<group>"; };
		13423B691FBF7EC700BAA362 /* WinterBlue2.jpg */ = {isa = PBXFileReference; lastKnownFileType = image.jpeg; path = WinterBlue2.jpg; sourceTree = "<group>"; };
		1344D4511FC33B3E00D425D9 /* FiltersModel.swift */ = {isa = PBXFileReference; lastKnownFileType = sourcecode.swift; path = FiltersModel.swift; sourceTree = "<group>"; };
		1344D4531FC340AC00D425D9 /* SelectedFiltersViewController.swift */ = {isa = PBXFileReference; lastKnownFileType = sourcecode.swift; path = SelectedFiltersViewController.swift; sourceTree = "<group>"; };
		137ABF781FC1FC1F005E8E6C /* Filter.swift */ = {isa = PBXFileReference; lastKnownFileType = sourcecode.swift; path = Filter.swift; sourceTree = "<group>"; };
		137ABF7A1FC1FCBE005E8E6C /* Filters.swift */ = {isa = PBXFileReference; lastKnownFileType = sourcecode.swift; path = Filters.swift; sourceTree = "<group>"; };
		13A8C5181FC4D4A200C30036 /* AddFilterViewController.swift */ = {isa = PBXFileReference; lastKnownFileType = sourcecode.swift; path = AddFilterViewController.swift; sourceTree = "<group>"; };
/* End PBXFileReference section */

/* Begin PBXFrameworksBuildPhase section */
		13423B501FBF7D5B00BAA362 /* Frameworks */ = {
			isa = PBXFrameworksBuildPhase;
			buildActionMask = 2147483647;
			files = (
			);
			runOnlyForDeploymentPostprocessing = 0;
		};
/* End PBXFrameworksBuildPhase section */

/* Begin PBXGroup section */
		13423B4A1FBF7D5B00BAA362 = {
			isa = PBXGroup;
			children = (
				13423B551FBF7D5B00BAA362 /* ImagePlay */,
				13423B541FBF7D5B00BAA362 /* Products */,
			);
			sourceTree = "<group>";
		};
		13423B541FBF7D5B00BAA362 /* Products */ = {
			isa = PBXGroup;
			children = (
				13423B531FBF7D5B00BAA362 /* ImagePlay.app */,
			);
			name = Products;
			sourceTree = "<group>";
		};
		13423B551FBF7D5B00BAA362 /* ImagePlay */ = {
			isa = PBXGroup;
			children = (
				13423B581FBF7D5B00BAA362 /* ViewController.swift */,
				1344D4531FC340AC00D425D9 /* SelectedFiltersViewController.swift */,
				13A8C5181FC4D4A200C30036 /* AddFilterViewController.swift */,
				1330E18D1FC0AAE900C5734D /* RGBAPixel.swift */,
				1330E18F1FC0ABBE00C5734D /* Image.swift */,
				137ABF781FC1FC1F005E8E6C /* Filter.swift */,
				137ABF7A1FC1FCBE005E8E6C /* Filters.swift */,
				1344D4511FC33B3E00D425D9 /* FiltersModel.swift */,
				13423B691FBF7EC700BAA362 /* WinterBlue2.jpg */,
				13423B5A1FBF7D5B00BAA362 /* Main.storyboard */,
				13423B5D1FBF7D5B00BAA362 /* Assets.xcassets */,
				13423B621FBF7D5B00BAA362 /* Info.plist */,
				13423B681FBF7D6F00BAA362 /* supportingFiles */,
			);
			path = ImagePlay;
			sourceTree = "<group>";
		};
		13423B681FBF7D6F00BAA362 /* supportingFiles */ = {
			isa = PBXGroup;
			children = (
				13423B5F1FBF7D5B00BAA362 /* LaunchScreen.storyboard */,
				13423B561FBF7D5B00BAA362 /* AppDelegate.swift */,
			);
			path = supportingFiles;
			sourceTree = "<group>";
		};
/* End PBXGroup section */

/* Begin PBXNativeTarget section */
		13423B521FBF7D5B00BAA362 /* ImagePlay */ = {
			isa = PBXNativeTarget;
			buildConfigurationList = 13423B651FBF7D5B00BAA362 /* Build configuration list for PBXNativeTarget "ImagePlay" */;
			buildPhases = (
				13423B4F1FBF7D5B00BAA362 /* Sources */,
				13423B501FBF7D5B00BAA362 /* Frameworks */,
				13423B511FBF7D5B00BAA362 /* Resources */,
			);
			buildRules = (
			);
			dependencies = (
			);
			name = ImagePlay;
			productName = ImagePlay;
			productReference = 13423B531FBF7D5B00BAA362 /* ImagePlay.app */;
			productType = "com.apple.product-type.application";
		};
/* End PBXNativeTarget section */

/* Begin PBXProject section */
		13423B4B1FBF7D5B00BAA362 /* Project object */ = {
			isa = PBXProject;
			attributes = {
				LastSwiftUpdateCheck = 0910;
				LastUpgradeCheck = 0910;
				ORGANIZATIONNAME = InSehnDesigns;
				TargetAttributes = {
					13423B521FBF7D5B00BAA362 = {
						CreatedOnToolsVersion = 9.1;
						ProvisioningStyle = Automatic;
					};
				};
			};
			buildConfigurationList = 13423B4E1FBF7D5B00BAA362 /* Build configuration list for PBXProject "ImagePlay" */;
			compatibilityVersion = "Xcode 8.0";
			developmentRegion = en;
			hasScannedForEncodings = 0;
			knownRegions = (
				en,
				Base,
			);
			mainGroup = 13423B4A1FBF7D5B00BAA362;
			productRefGroup = 13423B541FBF7D5B00BAA362 /* Products */;
			projectDirPath = "";
			projectRoot = "";
			targets = (
				13423B521FBF7D5B00BAA362 /* ImagePlay */,
			);
		};
/* End PBXProject section */

/* Begin PBXResourcesBuildPhase section */
		13423B511FBF7D5B00BAA362 /* Resources */ = {
			isa = PBXResourcesBuildPhase;
			buildActionMask = 2147483647;
			files = (
				13423B611FBF7D5B00BAA362 /* LaunchScreen.storyboard in Resources */,
				13423B6A1FBF7EC700BAA362 /* WinterBlue2.jpg in Resources */,
				13423B5E1FBF7D5B00BAA362 /* Assets.xcassets in Resources */,
				13423B5C1FBF7D5B00BAA362 /* Main.storyboard in Resources */,
			);
			runOnlyForDeploymentPostprocessing = 0;
		};
/* End PBXResourcesBuildPhase section */

/* Begin PBXSourcesBuildPhase section */
		13423B4F1FBF7D5B00BAA362 /* Sources */ = {
			isa = PBXSourcesBuildPhase;
			buildActionMask = 2147483647;
			files = (
				1330E18E1FC0AAE900C5734D /* RGBAPixel.swift in Sources */,
				13A8C5191FC4D4A200C30036 /* AddFilterViewController.swift in Sources */,
				1344D4521FC33B3E00D425D9 /* FiltersModel.swift in Sources */,
				137ABF791FC1FC1F005E8E6C /* Filter.swift in Sources */,
				1330E1901FC0ABBE00C5734D /* Image.swift in Sources */,
				137ABF7B1FC1FCBE005E8E6C /* Filters.swift in Sources */,
				13423B591FBF7D5B00BAA362 /* ViewController.swift in Sources */,
				13423B571FBF7D5B00BAA362 /* AppDelegate.swift in Sources */,
				1344D4541FC340AC00D425D9 /* SelectedFiltersViewController.swift in Sources */,
			);
			runOnlyForDeploymentPostprocessing = 0;
		};
/* End PBXSourcesBuildPhase section */

/* Begin PBXVariantGroup section */
		13423B5A1FBF7D5B00BAA362 /* Main.storyboard */ = {
			isa = PBXVariantGroup;
			children = (
				13423B5B1FBF7D5B00BAA362 /* Base */,
			);
			name = Main.storyboard;
			sourceTree = "<group>";
		};
		13423B5F1FBF7D5B00BAA362 /* LaunchScreen.storyboard */ = {
			isa = PBXVariantGroup;
			children = (
				13423B601FBF7D5B00BAA362 /* Base */,
			);
			name = LaunchScreen.storyboard;
			sourceTree = "<group>";
		};
/* End PBXVariantGroup section */

/* Begin XCBuildConfiguration section */
		13423B631FBF7D5B00BAA362 /* Debug */ = {
			isa = XCBuildConfiguration;
			buildSettings = {
				ALWAYS_SEARCH_USER_PATHS = NO;
				CLANG_ANALYZER_NONNULL = YES;
				CLANG_ANALYZER_NUMBER_OBJECT_CONVERSION = YES_AGGRESSIVE;
				CLANG_CXX_LANGUAGE_STANDARD = "gnu++14";
				CLANG_CXX_LIBRARY = "libc++";
				CLANG_ENABLE_MODULES = YES;
				CLANG_ENABLE_OBJC_ARC = YES;
				CLANG_WARN_BLOCK_CAPTURE_AUTORELEASING = YES;
				CLANG_WARN_BOOL_CONVERSION = YES;
				CLANG_WARN_COMMA = YES;
				CLANG_WARN_CONSTANT_CONVERSION = YES;
				CLANG_WARN_DIRECT_OBJC_ISA_USAGE = YES_ERROR;
				CLANG_WARN_DOCUMENTATION_COMMENTS = YES;
				CLANG_WARN_EMPTY_BODY = YES;
				CLANG_WARN_ENUM_CONVERSION = YES;
				CLANG_WARN_INFINITE_RECURSION = YES;
				CLANG_WARN_INT_CONVERSION = YES;
				CLANG_WARN_NON_LITERAL_NULL_CONVERSION = YES;
				CLANG_WARN_OBJC_LITERAL_CONVERSION = YES;
				CLANG_WARN_OBJC_ROOT_CLASS = YES_ERROR;
				CLANG_WARN_RANGE_LOOP_ANALYSIS = YES;
				CLANG_WARN_STRICT_PROTOTYPES = YES;
				CLANG_WARN_SUSPICIOUS_MOVE = YES;
				CLANG_WARN_UNGUARDED_AVAILABILITY = YES_AGGRESSIVE;
				CLANG_WARN_UNREACHABLE_CODE = YES;
				CLANG_WARN__DUPLICATE_METHOD_MATCH = YES;
				CODE_SIGN_IDENTITY = "iPhone Developer";
				COPY_PHASE_STRIP = NO;
				DEBUG_INFORMATION_FORMAT = dwarf;
				ENABLE_STRICT_OBJC_MSGSEND = YES;
				ENABLE_TESTABILITY = YES;
				GCC_C_LANGUAGE_STANDARD = gnu11;
				GCC_DYNAMIC_NO_PIC = NO;
				GCC_NO_COMMON_BLOCKS = YES;
				GCC_OPTIMIZATION_LEVEL = 0;
				GCC_PREPROCESSOR_DEFINITIONS = (
					"DEBUG=1",
					"$(inherited)",
				);
				GCC_WARN_64_TO_32_BIT_CONVERSION = YES;
				GCC_WARN_ABOUT_RETURN_TYPE = YES_ERROR;
				GCC_WARN_UNDECLARED_SELECTOR = YES;
				GCC_WARN_UNINITIALIZED_AUTOS = YES_AGGRESSIVE;
				GCC_WARN_UNUSED_FUNCTION = YES;
				GCC_WARN_UNUSED_VARIABLE = YES;
				IPHONEOS_DEPLOYMENT_TARGET = 11.1;
				MTL_ENABLE_DEBUG_INFO = YES;
				ONLY_ACTIVE_ARCH = YES;
				SDKROOT = iphoneos;
				SWIFT_ACTIVE_COMPILATION_CONDITIONS = DEBUG;
				SWIFT_OPTIMIZATION_LEVEL = "-Onone";
			};
			name = Debug;
		};
		13423B641FBF7D5B00BAA362 /* Release */ = {
			isa = XCBuildConfiguration;
			buildSettings = {
				ALWAYS_SEARCH_USER_PATHS = NO;
				CLANG_ANALYZER_NONNULL = YES;
				CLANG_ANALYZER_NUMBER_OBJECT_CONVERSION = YES_AGGRESSIVE;
				CLANG_CXX_LANGUAGE_STANDARD = "gnu++14";
				CLANG_CXX_LIBRARY = "libc++";
				CLANG_ENABLE_MODULES = YES;
				CLANG_ENABLE_OBJC_ARC = YES;
				CLANG_WARN_BLOCK_CAPTURE_AUTORELEASING = YES;
				CLANG_WARN_BOOL_CONVERSION = YES;
				CLANG_WARN_COMMA = YES;
				CLANG_WARN_CONSTANT_CONVERSION = YES;
				CLANG_WARN_DIRECT_OBJC_ISA_USAGE = YES_ERROR;
				CLANG_WARN_DOCUMENTATION_COMMENTS = YES;
				CLANG_WARN_EMPTY_BODY = YES;
				CLANG_WARN_ENUM_CONVERSION = YES;
				CLANG_WARN_INFINITE_RECURSION = YES;
				CLANG_WARN_INT_CONVERSION = YES;
				CLANG_WARN_NON_LITERAL_NULL_CONVERSION = YES;
				CLANG_WARN_OBJC_LITERAL_CONVERSION = YES;
				CLANG_WARN_OBJC_ROOT_CLASS = YES_ERROR;
				CLANG_WARN_RANGE_LOOP_ANALYSIS = YES;
				CLANG_WARN_STRICT_PROTOTYPES = YES;
				CLANG_WARN_SUSPICIOUS_MOVE = YES;
				CLANG_WARN_UNGUARDED_AVAILABILITY = YES_AGGRESSIVE;
				CLANG_WARN_UNREACHABLE_CODE = YES;
				CLANG_WARN__DUPLICATE_METHOD_MATCH = YES;
				CODE_SIGN_IDENTITY = "iPhone Developer";
				COPY_PHASE_STRIP = NO;
				DEBUG_INFORMATION_FORMAT = "dwarf-with-dsym";
				ENABLE_NS_ASSERTIONS = NO;
				ENABLE_STRICT_OBJC_MSGSEND = YES;
				GCC_C_LANGUAGE_STANDARD = gnu11;
				GCC_NO_COMMON_BLOCKS = YES;
				GCC_WARN_64_TO_32_BIT_CONVERSION = YES;
				GCC_WARN_ABOUT_RETURN_TYPE = YES_ERROR;
				GCC_WARN_UNDECLARED_SELECTOR = YES;
				GCC_WARN_UNINITIALIZED_AUTOS = YES_AGGRESSIVE;
				GCC_WARN_UNUSED_FUNCTION = YES;
				GCC_WARN_UNUSED_VARIABLE = YES;
				IPHONEOS_DEPLOYMENT_TARGET = 11.1;
				MTL_ENABLE_DEBUG_INFO = NO;
				SDKROOT = iphoneos;
				SWIFT_OPTIMIZATION_LEVEL = "-Owholemodule";
				VALIDATE_PRODUCT = YES;
			};
			name = Release;
		};
		13423B661FBF7D5B00BAA362 /* Debug */ = {
			isa = XCBuildConfiguration;
			buildSettings = {
				ASSETCATALOG_COMPILER_APPICON_NAME = AppIcon;
				CODE_SIGN_STYLE = Automatic;
				DEVELOPMENT_TEAM = 3DN2TGE2MT;
				INFOPLIST_FILE = ImagePlay/Info.plist;
				LD_RUNPATH_SEARCH_PATHS = "$(inherited) @executable_path/Frameworks";
				PRODUCT_BUNDLE_IDENTIFIER = com.Sehns.ImagePlay;
				PRODUCT_NAME = "$(TARGET_NAME)";
				SWIFT_VERSION = 4.0;
				TARGETED_DEVICE_FAMILY = "1,2";
			};
			name = Debug;
		};
		13423B671FBF7D5B00BAA362 /* Release */ = {
			isa = XCBuildConfiguration;
			buildSettings = {
				ASSETCATALOG_COMPILER_APPICON_NAME = AppIcon;
				CODE_SIGN_STYLE = Automatic;
				DEVELOPMENT_TEAM = 3DN2TGE2MT;
				INFOPLIST_FILE = ImagePlay/Info.plist;
				LD_RUNPATH_SEARCH_PATHS = "$(inherited) @executable_path/Frameworks";
				PRODUCT_BUNDLE_IDENTIFIER = com.Sehns.ImagePlay;
				PRODUCT_NAME = "$(TARGET_NAME)";
				SWIFT_VERSION = 4.0;
				TARGETED_DEVICE_FAMILY = "1,2";
			};
			name = Release;
		};
/* End XCBuildConfiguration section */

/* Begin XCConfigurationList section */
		13423B4E1FBF7D5B00BAA362 /* Build configuration list for PBXProject "ImagePlay" */ = {
			isa = XCConfigurationList;
			buildConfigurations = (
				13423B631FBF7D5B00BAA362 /* Debug */,
				13423B641FBF7D5B00BAA362 /* Release */,
			);
			defaultConfigurationIsVisible = 0;
			defaultConfigurationName = Release;
		};
		13423B651FBF7D5B00BAA362 /* Build configuration list for PBXNativeTarget "ImagePlay" */ = {
			isa = XCConfigurationList;
			buildConfigurations = (
				13423B661FBF7D5B00BAA362 /* Debug */,
				13423B671FBF7D5B00BAA362 /* Release */,
			);
			defaultConfigurationIsVisible = 0;
			defaultConfigurationName = Release;
		};
/* End XCConfigurationList section */
	};
	rootObject = 13423B4B1FBF7D5B00BAA362 /* Project object */;
}
